{
  "object": {
    "pins": [
      {
        "package": "CiCiLib",
        "repositoryURL": "https://github.com/shaotaoliu/CiCiLib",
        "state": {
          "branch": "main",
          "revision": "48a666ff780a6247557a464f1ad426cacc776853",
          "version": null
        }
      }
    ]
  },
  "version": 1
}
