{
  "object": {
    "pins": [
      {
        "package": "CiCiLib",
        "repositoryURL": "https://github.com/shaotaoliu/CiCiLib",
        "state": {
          "branch": "main",
          "revision": "c70cdc68ffc29bea990a4629307217bc3233e0b7",
          "version": null
        }
      }
    ]
  },
  "version": 1
}
