{
  "object": {
    "pins": [
      {
        "package": "CiCiLib",
        "repositoryURL": "https://github.com/shaotaoliu/CiCiLib",
        "state": {
          "branch": "main",
          "revision": "0721ad7d51d027cde804147b816db9b911f85a00",
          "version": null
        }
      }
    ]
  },
  "version": 1
}
